
Microsoft Visual Studio Solution File, Format Version 12.00
# Visual Studio Version 17
VisualStudioVersion = 17.6.33815.320
MinimumVisualStudioVersion = 10.0.40219.1
Project("{9A19103F-16F7-4668-BE54-9A1E7A4F7556}") = "Employee", "Employee\Employee.csproj", "{79E8D1BC-C250-4879-A301-A95DFE3A4079}"
EndProject
Project("{FAE04EC0-301F-11D3-BF4B-00C04F79EFBC}") = "TestFinallyBlock", "TestFinallyBlock\TestFinallyBlock.csproj", "{396CD54F-FB17-46E4-89F8-43C45F4988A9}"
EndProject
Global
	GlobalSection(SolutionConfigurationPlatforms) = preSolution
		Debug|Any CPU = Debug|Any CPU
		Release|Any CPU = Release|Any CPU
	EndGlobalSection
	GlobalSection(ProjectConfigurationPlatforms) = postSolution
		{79E8D1BC-C250-4879-A301-A95DFE3A4079}.Debug|Any CPU.ActiveCfg = Debug|Any CPU
		{79E8D1BC-C250-4879-A301-A95DFE3A4079}.Debug|Any CPU.Build.0 = Debug|Any CPU
		{79E8D1BC-C250-4879-A301-A95DFE3A4079}.Release|Any CPU.ActiveCfg = Release|Any CPU
		{79E8D1BC-C250-4879-A301-A95DFE3A4079}.Release|Any CPU.Build.0 = Release|Any CPU
		{396CD54F-FB17-46E4-89F8-43C45F4988A9}.Debug|Any CPU.ActiveCfg = Debug|Any CPU
		{396CD54F-FB17-46E4-89F8-43C45F4988A9}.Debug|Any CPU.Build.0 = Debug|Any CPU
		{396CD54F-FB17-46E4-89F8-43C45F4988A9}.Release|Any CPU.ActiveCfg = Release|Any CPU
		{396CD54F-FB17-46E4-89F8-43C45F4988A9}.Release|Any CPU.Build.0 = Release|Any CPU
	EndGlobalSection
	GlobalSection(SolutionProperties) = preSolution
		HideSolutionNode = FALSE
	EndGlobalSection
	GlobalSection(ExtensibilityGlobals) = postSolution
		SolutionGuid = {24239E8F-57F8-41D3-BEFA-C44FB9E1D06C}
	EndGlobalSection
EndGlobal
